
Microsoft Visual Studio Solution File, Format Version 12.00
# Visual Studio 2012
Project("{FAE04EC0-301F-11D3-BF4B-00C04F79EFBC}") = "MultiTenant.Site", "MultiTenant.Site\MultiTenant.Site.csproj", "{F2A1F48E-265A-4103-84ED-742A64FEE6FA}"
EndProject
Project("{FAE04EC0-301F-11D3-BF4B-00C04F79EFBC}") = "MultiTenant.Service", "MultiTenant.Service\MultiTenant.Service.csproj", "{C9BDCB15-40B2-4AAC-AE09-5ADB03B8EAF3}"
EndProject
Project("{FAE04EC0-301F-11D3-BF4B-00C04F79EFBC}") = "MultiTenant.Repository", "MultiTenant.Repository\MultiTenant.Repository.csproj", "{C66FDB65-78B7-4DE3-9563-8D777823CDE7}"
EndProject
Project("{FAE04EC0-301F-11D3-BF4B-00C04F79EFBC}") = "MultiTenant.Model", "MultiTenant.Model\MultiTenant.Model.csproj", "{03C5C70A-905E-4F14-9835-0CA2D23E6C85}"
EndProject
Global
	GlobalSection(SolutionConfigurationPlatforms) = preSolution
		Debug|Any CPU = Debug|Any CPU
		Release|Any CPU = Release|Any CPU
	EndGlobalSection
	GlobalSection(ProjectConfigurationPlatforms) = postSolution
		{F2A1F48E-265A-4103-84ED-742A64FEE6FA}.Debug|Any CPU.ActiveCfg = Debug|Any CPU
		{F2A1F48E-265A-4103-84ED-742A64FEE6FA}.Debug|Any CPU.Build.0 = Debug|Any CPU
		{F2A1F48E-265A-4103-84ED-742A64FEE6FA}.Release|Any CPU.ActiveCfg = Release|Any CPU
		{F2A1F48E-265A-4103-84ED-742A64FEE6FA}.Release|Any CPU.Build.0 = Release|Any CPU
		{C9BDCB15-40B2-4AAC-AE09-5ADB03B8EAF3}.Debug|Any CPU.ActiveCfg = Debug|Any CPU
		{C9BDCB15-40B2-4AAC-AE09-5ADB03B8EAF3}.Debug|Any CPU.Build.0 = Debug|Any CPU
		{C9BDCB15-40B2-4AAC-AE09-5ADB03B8EAF3}.Release|Any CPU.ActiveCfg = Release|Any CPU
		{C9BDCB15-40B2-4AAC-AE09-5ADB03B8EAF3}.Release|Any CPU.Build.0 = Release|Any CPU
		{C66FDB65-78B7-4DE3-9563-8D777823CDE7}.Debug|Any CPU.ActiveCfg = Debug|Any CPU
		{C66FDB65-78B7-4DE3-9563-8D777823CDE7}.Debug|Any CPU.Build.0 = Debug|Any CPU
		{C66FDB65-78B7-4DE3-9563-8D777823CDE7}.Release|Any CPU.ActiveCfg = Release|Any CPU
		{C66FDB65-78B7-4DE3-9563-8D777823CDE7}.Release|Any CPU.Build.0 = Release|Any CPU
		{03C5C70A-905E-4F14-9835-0CA2D23E6C85}.Debug|Any CPU.ActiveCfg = Debug|Any CPU
		{03C5C70A-905E-4F14-9835-0CA2D23E6C85}.Debug|Any CPU.Build.0 = Debug|Any CPU
		{03C5C70A-905E-4F14-9835-0CA2D23E6C85}.Release|Any CPU.ActiveCfg = Release|Any CPU
		{03C5C70A-905E-4F14-9835-0CA2D23E6C85}.Release|Any CPU.Build.0 = Release|Any CPU
	EndGlobalSection
	GlobalSection(SolutionProperties) = preSolution
		HideSolutionNode = FALSE
	EndGlobalSection
EndGlobal
